// !$*UTF8*$!
{
	archiveVersion = 1;
	classes = {
	};
	objectVersion = 56;
	objects = {

/* Begin PBXBuildFile section */
		C902B5002B6AA74F00F1B139 /* PostDetailView.swift in Sources */ = {isa = PBXBuildFile; fileRef = C902B4FF2B6AA74F00F1B139 /* PostDetailView.swift */; };
		C91E03EC2AD6EDDB00FCDB08 /* MainContentView.swift in Sources */ = {isa = PBXBuildFile; fileRef = C91E03EB2AD6EDDB00FCDB08 /* MainContentView.swift */; };
		C91E03F02AD7841E00FCDB08 /* UserData.swift in Sources */ = {isa = PBXBuildFile; fileRef = C91E03EF2AD7841E00FCDB08 /* UserData.swift */; };
		C91E03FB2AD786F500FCDB08 /* LoginView.swift in Sources */ = {isa = PBXBuildFile; fileRef = C91E03FA2AD786F500FCDB08 /* LoginView.swift */; };
		C91E03FD2AD7870600FCDB08 /* SignUpView.swift in Sources */ = {isa = PBXBuildFile; fileRef = C91E03FC2AD7870600FCDB08 /* SignUpView.swift */; };
		C91E7DAA2B7415A5008E074C /* CommentCell.swift in Sources */ = {isa = PBXBuildFile; fileRef = C91E7DA92B7415A5008E074C /* CommentCell.swift */; };
		C96740872B604EF200093C01 /* PostViewmodel.swift in Sources */ = {isa = PBXBuildFile; fileRef = C96740862B604EF200093C01 /* PostViewmodel.swift */; };
		C96740892B6117C800093C01 /* PostListCell.swift in Sources */ = {isa = PBXBuildFile; fileRef = C96740882B6117C800093C01 /* PostListCell.swift */; };
		C967408B2B6118F500093C01 /* UrlImageView.swift in Sources */ = {isa = PBXBuildFile; fileRef = C967408A2B6118F500093C01 /* UrlImageView.swift */; };
		C9BEA02E2AD6E97E001460F1 /* TGwing_ApplicationApp.swift in Sources */ = {isa = PBXBuildFile; fileRef = C9BEA02D2AD6E97E001460F1 /* TGwing_ApplicationApp.swift */; };
		C9BEA0322AD6E980001460F1 /* Assets.xcassets in Resources */ = {isa = PBXBuildFile; fileRef = C9BEA0312AD6E980001460F1 /* Assets.xcassets */; };
		C9BEA0352AD6E980001460F1 /* Preview Assets.xcassets in Resources */ = {isa = PBXBuildFile; fileRef = C9BEA0342AD6E980001460F1 /* Preview Assets.xcassets */; };
		C9D56C322B0C95D6007035FD /* NameInputView.swift in Sources */ = {isa = PBXBuildFile; fileRef = C9D56C312B0C95D6007035FD /* NameInputView.swift */; };
		C9D56C342B0C9A0D007035FD /* IDInputView.swift in Sources */ = {isa = PBXBuildFile; fileRef = C9D56C332B0C9A0D007035FD /* IDInputView.swift */; };
		C9D56C362B0C9B7E007035FD /* PasswordInputView.swift in Sources */ = {isa = PBXBuildFile; fileRef = C9D56C352B0C9B7E007035FD /* PasswordInputView.swift */; };
		C9D56C382B0CDB9C007035FD /* backButton.swift in Sources */ = {isa = PBXBuildFile; fileRef = C9D56C372B0CDB9C007035FD /* backButton.swift */; };
		C9D56C3B2B0D013A007035FD /* EmailInputView.swift in Sources */ = {isa = PBXBuildFile; fileRef = C9D56C3A2B0D013A007035FD /* EmailInputView.swift */; };
		C9D56C3D2B0EEE84007035FD /* PhoneNumInputView.swift in Sources */ = {isa = PBXBuildFile; fileRef = C9D56C3C2B0EEE84007035FD /* PhoneNumInputView.swift */; };
		C9D56C422B0F4171007035FD /* StatusInputView.swift in Sources */ = {isa = PBXBuildFile; fileRef = C9D56C412B0F4171007035FD /* StatusInputView.swift */; };
		C9D56C442B0F96AF007035FD /* Example.swift in Sources */ = {isa = PBXBuildFile; fileRef = C9D56C432B0F96AF007035FD /* Example.swift */; };
		C9D56C472B173177007035FD /* ProfileView.swift in Sources */ = {isa = PBXBuildFile; fileRef = C9D56C462B173177007035FD /* ProfileView.swift */; };
		C9EFED252B5435F7004C4B3C /* PostData.swift in Sources */ = {isa = PBXBuildFile; fileRef = C9EFED242B5435F7004C4B3C /* PostData.swift */; };
		C9FABF1A2B5417020048187B /* ProfileData.swift in Sources */ = {isa = PBXBuildFile; fileRef = C9FABF192B5417020048187B /* ProfileData.swift */; };
		C9FABF1C2B5417E60048187B /* ProfileViewModel.swift in Sources */ = {isa = PBXBuildFile; fileRef = C9FABF1B2B5417E60048187B /* ProfileViewModel.swift */; };
		C9FABF222B542FEF0048187B /* PostView.swift in Sources */ = {isa = PBXBuildFile; fileRef = C9FABF212B542FEF0048187B /* PostView.swift */; };
/* End PBXBuildFile section */

/* Begin PBXFileReference section */
		C902B4FF2B6AA74F00F1B139 /* PostDetailView.swift */ = {isa = PBXFileReference; lastKnownFileType = sourcecode.swift; path = PostDetailView.swift; sourceTree = "<group>"; };
		C91E03EB2AD6EDDB00FCDB08 /* MainContentView.swift */ = {isa = PBXFileReference; lastKnownFileType = sourcecode.swift; path = MainContentView.swift; sourceTree = "<group>"; };
		C91E03EF2AD7841E00FCDB08 /* UserData.swift */ = {isa = PBXFileReference; lastKnownFileType = sourcecode.swift; path = UserData.swift; sourceTree = "<group>"; };
		C91E03FA2AD786F500FCDB08 /* LoginView.swift */ = {isa = PBXFileReference; lastKnownFileType = sourcecode.swift; path = LoginView.swift; sourceTree = "<group>"; };
		C91E03FC2AD7870600FCDB08 /* SignUpView.swift */ = {isa = PBXFileReference; lastKnownFileType = sourcecode.swift; path = SignUpView.swift; sourceTree = "<group>"; };
		C91E7DA92B7415A5008E074C /* CommentCell.swift */ = {isa = PBXFileReference; lastKnownFileType = sourcecode.swift; path = CommentCell.swift; sourceTree = "<group>"; };
		C96740862B604EF200093C01 /* PostViewmodel.swift */ = {isa = PBXFileReference; lastKnownFileType = sourcecode.swift; path = PostViewmodel.swift; sourceTree = "<group>"; };
		C96740882B6117C800093C01 /* PostListCell.swift */ = {isa = PBXFileReference; lastKnownFileType = sourcecode.swift; path = PostListCell.swift; sourceTree = "<group>"; };
		C967408A2B6118F500093C01 /* UrlImageView.swift */ = {isa = PBXFileReference; lastKnownFileType = sourcecode.swift; path = UrlImageView.swift; sourceTree = "<group>"; };
		C9BEA02A2AD6E97E001460F1 /* TGwing_Application.app */ = {isa = PBXFileReference; explicitFileType = wrapper.application; includeInIndex = 0; path = TGwing_Application.app; sourceTree = BUILT_PRODUCTS_DIR; };
		C9BEA02D2AD6E97E001460F1 /* TGwing_ApplicationApp.swift */ = {isa = PBXFileReference; lastKnownFileType = sourcecode.swift; path = TGwing_ApplicationApp.swift; sourceTree = "<group>"; };
		C9BEA0312AD6E980001460F1 /* Assets.xcassets */ = {isa = PBXFileReference; lastKnownFileType = folder.assetcatalog; path = Assets.xcassets; sourceTree = "<group>"; };
		C9BEA0342AD6E980001460F1 /* Preview Assets.xcassets */ = {isa = PBXFileReference; lastKnownFileType = folder.assetcatalog; path = "Preview Assets.xcassets"; sourceTree = "<group>"; };
		C9D56C312B0C95D6007035FD /* NameInputView.swift */ = {isa = PBXFileReference; lastKnownFileType = sourcecode.swift; path = NameInputView.swift; sourceTree = "<group>"; };
		C9D56C332B0C9A0D007035FD /* IDInputView.swift */ = {isa = PBXFileReference; lastKnownFileType = sourcecode.swift; path = IDInputView.swift; sourceTree = "<group>"; };
		C9D56C352B0C9B7E007035FD /* PasswordInputView.swift */ = {isa = PBXFileReference; lastKnownFileType = sourcecode.swift; path = PasswordInputView.swift; sourceTree = "<group>"; };
		C9D56C372B0CDB9C007035FD /* backButton.swift */ = {isa = PBXFileReference; lastKnownFileType = sourcecode.swift; name = backButton.swift; path = ../../../../../../../../Documents/backButton.swift; sourceTree = "<group>"; };
		C9D56C3A2B0D013A007035FD /* EmailInputView.swift */ = {isa = PBXFileReference; lastKnownFileType = sourcecode.swift; path = EmailInputView.swift; sourceTree = "<group>"; };
		C9D56C3C2B0EEE84007035FD /* PhoneNumInputView.swift */ = {isa = PBXFileReference; lastKnownFileType = sourcecode.swift; path = PhoneNumInputView.swift; sourceTree = "<group>"; };
		C9D56C412B0F4171007035FD /* StatusInputView.swift */ = {isa = PBXFileReference; lastKnownFileType = sourcecode.swift; path = StatusInputView.swift; sourceTree = "<group>"; };
		C9D56C432B0F96AF007035FD /* Example.swift */ = {isa = PBXFileReference; lastKnownFileType = sourcecode.swift; path = Example.swift; sourceTree = "<group>"; };
		C9D56C462B173177007035FD /* ProfileView.swift */ = {isa = PBXFileReference; lastKnownFileType = sourcecode.swift; path = ProfileView.swift; sourceTree = "<group>"; };
		C9EFED242B5435F7004C4B3C /* PostData.swift */ = {isa = PBXFileReference; lastKnownFileType = sourcecode.swift; path = PostData.swift; sourceTree = "<group>"; };
		C9FABF192B5417020048187B /* ProfileData.swift */ = {isa = PBXFileReference; lastKnownFileType = sourcecode.swift; path = ProfileData.swift; sourceTree = "<group>"; };
		C9FABF1B2B5417E60048187B /* ProfileViewModel.swift */ = {isa = PBXFileReference; lastKnownFileType = sourcecode.swift; path = ProfileViewModel.swift; sourceTree = "<group>"; };
		C9FABF212B542FEF0048187B /* PostView.swift */ = {isa = PBXFileReference; lastKnownFileType = sourcecode.swift; path = PostView.swift; sourceTree = "<group>"; };
/* End PBXFileReference section */

/* Begin PBXFrameworksBuildPhase section */
		C9BEA0272AD6E97E001460F1 /* Frameworks */ = {
			isa = PBXFrameworksBuildPhase;
			buildActionMask = 2147483647;
			files = (
			);
			runOnlyForDeploymentPostprocessing = 0;
		};
/* End PBXFrameworksBuildPhase section */

/* Begin PBXGroup section */
		C91E03F22AD785F100FCDB08 /* Core */ = {
			isa = PBXGroup;
			children = (
				C9FABF1E2B542FC90048187B /* Post */,
				C9D56C452B173168007035FD /* Profile */,
				C9D56C2E2B0BC439007035FD /* Cells */,
				C91E03F92AD786CA00FCDB08 /* Login */,
				C91E03F72AD7869000FCDB08 /* SignUp */,
				C91E03F42AD7862000FCDB08 /* Data */,
			);
			path = Core;
			sourceTree = "<group>";
		};
		C91E03F32AD7860000FCDB08 /* App */ = {
			isa = PBXGroup;
			children = (
				C9BEA02D2AD6E97E001460F1 /* TGwing_ApplicationApp.swift */,
			);
			path = App;
			sourceTree = "<group>";
		};
		C91E03F42AD7862000FCDB08 /* Data */ = {
			isa = PBXGroup;
			children = (
				C91E03EF2AD7841E00FCDB08 /* UserData.swift */,
			);
			path = Data;
			sourceTree = "<group>";
		};
		C91E03F72AD7869000FCDB08 /* SignUp */ = {
			isa = PBXGroup;
			children = (
				C91E03FC2AD7870600FCDB08 /* SignUpView.swift */,
				C9D56C312B0C95D6007035FD /* NameInputView.swift */,
				C9D56C332B0C9A0D007035FD /* IDInputView.swift */,
				C9D56C352B0C9B7E007035FD /* PasswordInputView.swift */,
				C9D56C3A2B0D013A007035FD /* EmailInputView.swift */,
				C9D56C3C2B0EEE84007035FD /* PhoneNumInputView.swift */,
				C9D56C412B0F4171007035FD /* StatusInputView.swift */,
				C9D56C432B0F96AF007035FD /* Example.swift */,
			);
			path = SignUp;
			sourceTree = "<group>";
		};
		C91E03F92AD786CA00FCDB08 /* Login */ = {
			isa = PBXGroup;
			children = (
				C91E03FA2AD786F500FCDB08 /* LoginView.swift */,
			);
			path = Login;
			sourceTree = "<group>";
		};
		C9BEA0212AD6E97E001460F1 = {
			isa = PBXGroup;
			children = (
				C9BEA02C2AD6E97E001460F1 /* TGwing_Application */,
				C9BEA02B2AD6E97E001460F1 /* Products */,
			);
			sourceTree = "<group>";
		};
		C9BEA02B2AD6E97E001460F1 /* Products */ = {
			isa = PBXGroup;
			children = (
				C9BEA02A2AD6E97E001460F1 /* TGwing_Application.app */,
			);
			name = Products;
			sourceTree = "<group>";
		};
		C9BEA02C2AD6E97E001460F1 /* TGwing_Application */ = {
			isa = PBXGroup;
			children = (
				C91E03F32AD7860000FCDB08 /* App */,
				C91E03F22AD785F100FCDB08 /* Core */,
				C91E03EB2AD6EDDB00FCDB08 /* MainContentView.swift */,
				C9BEA0312AD6E980001460F1 /* Assets.xcassets */,
				C9BEA0332AD6E980001460F1 /* Preview Content */,
			);
			path = TGwing_Application;
			sourceTree = "<group>";
		};
		C9BEA0332AD6E980001460F1 /* Preview Content */ = {
			isa = PBXGroup;
			children = (
				C9BEA0342AD6E980001460F1 /* Preview Assets.xcassets */,
			);
			path = "Preview Content";
			sourceTree = "<group>";
		};
		C9D56C2E2B0BC439007035FD /* Cells */ = {
			isa = PBXGroup;
			children = (
				C9D56C372B0CDB9C007035FD /* backButton.swift */,
				C96740882B6117C800093C01 /* PostListCell.swift */,
				C967408A2B6118F500093C01 /* UrlImageView.swift */,
				C91E7DA92B7415A5008E074C /* CommentCell.swift */,
			);
			path = Cells;
			sourceTree = "<group>";
		};
		C9D56C452B173168007035FD /* Profile */ = {
			isa = PBXGroup;
			children = (
				C9D56C462B173177007035FD /* ProfileView.swift */,
				C9FABF192B5417020048187B /* ProfileData.swift */,
				C9FABF1B2B5417E60048187B /* ProfileViewModel.swift */,
			);
			path = Profile;
			sourceTree = "<group>";
		};
		C9FABF1E2B542FC90048187B /* Post */ = {
			isa = PBXGroup;
			children = (
				C9FABF212B542FEF0048187B /* PostView.swift */,
				C9EFED242B5435F7004C4B3C /* PostData.swift */,
				C96740862B604EF200093C01 /* PostViewmodel.swift */,
				C902B4FF2B6AA74F00F1B139 /* PostDetailView.swift */,
			);
			path = Post;
			sourceTree = "<group>";
		};
/* End PBXGroup section */

/* Begin PBXNativeTarget section */
		C9BEA0292AD6E97E001460F1 /* TGwing_Application */ = {
			isa = PBXNativeTarget;
			buildConfigurationList = C9BEA0382AD6E980001460F1 /* Build configuration list for PBXNativeTarget "TGwing_Application" */;
			buildPhases = (
				C9BEA0262AD6E97E001460F1 /* Sources */,
				C9BEA0272AD6E97E001460F1 /* Frameworks */,
				C9BEA0282AD6E97E001460F1 /* Resources */,
			);
			buildRules = (
			);
			dependencies = (
			);
			name = TGwing_Application;
			packageProductDependencies = (
			);
			productName = TGwing_Application;
			productReference = C9BEA02A2AD6E97E001460F1 /* TGwing_Application.app */;
			productType = "com.apple.product-type.application";
		};
/* End PBXNativeTarget section */

/* Begin PBXProject section */
		C9BEA0222AD6E97E001460F1 /* Project object */ = {
			isa = PBXProject;
			attributes = {
				BuildIndependentTargetsInParallel = 1;
				LastSwiftUpdateCheck = 1500;
				LastUpgradeCheck = 1500;
				TargetAttributes = {
					C9BEA0292AD6E97E001460F1 = {
						CreatedOnToolsVersion = 15.0;
					};
				};
			};
			buildConfigurationList = C9BEA0252AD6E97E001460F1 /* Build configuration list for PBXProject "TGwing_Application" */;
			compatibilityVersion = "Xcode 14.0";
			developmentRegion = en;
			hasScannedForEncodings = 0;
			knownRegions = (
				en,
				Base,
			);
			mainGroup = C9BEA0212AD6E97E001460F1;
			packageReferences = (
			);
			productRefGroup = C9BEA02B2AD6E97E001460F1 /* Products */;
			projectDirPath = "";
			projectRoot = "";
			targets = (
				C9BEA0292AD6E97E001460F1 /* TGwing_Application */,
			);
		};
/* End PBXProject section */

/* Begin PBXResourcesBuildPhase section */
		C9BEA0282AD6E97E001460F1 /* Resources */ = {
			isa = PBXResourcesBuildPhase;
			buildActionMask = 2147483647;
			files = (
				C9BEA0352AD6E980001460F1 /* Preview Assets.xcassets in Resources */,
				C9BEA0322AD6E980001460F1 /* Assets.xcassets in Resources */,
			);
			runOnlyForDeploymentPostprocessing = 0;
		};
/* End PBXResourcesBuildPhase section */

/* Begin PBXSourcesBuildPhase section */
		C9BEA0262AD6E97E001460F1 /* Sources */ = {
			isa = PBXSourcesBuildPhase;
			buildActionMask = 2147483647;
			files = (
				C9D56C3B2B0D013A007035FD /* EmailInputView.swift in Sources */,
				C9EFED252B5435F7004C4B3C /* PostData.swift in Sources */,
				C9D56C382B0CDB9C007035FD /* backButton.swift in Sources */,
				C96740892B6117C800093C01 /* PostListCell.swift in Sources */,
				C9D56C362B0C9B7E007035FD /* PasswordInputView.swift in Sources */,
				C9D56C442B0F96AF007035FD /* Example.swift in Sources */,
				C9D56C422B0F4171007035FD /* StatusInputView.swift in Sources */,
				C9D56C3D2B0EEE84007035FD /* PhoneNumInputView.swift in Sources */,
				C9BEA02E2AD6E97E001460F1 /* TGwing_ApplicationApp.swift in Sources */,
				C91E03FD2AD7870600FCDB08 /* SignUpView.swift in Sources */,
				C9FABF1A2B5417020048187B /* ProfileData.swift in Sources */,
				C902B5002B6AA74F00F1B139 /* PostDetailView.swift in Sources */,
				C9FABF222B542FEF0048187B /* PostView.swift in Sources */,
				C9D56C322B0C95D6007035FD /* NameInputView.swift in Sources */,
				C96740872B604EF200093C01 /* PostViewmodel.swift in Sources */,
				C91E03F02AD7841E00FCDB08 /* UserData.swift in Sources */,
				C91E03FB2AD786F500FCDB08 /* LoginView.swift in Sources */,
				C9D56C342B0C9A0D007035FD /* IDInputView.swift in Sources */,
				C9D56C472B173177007035FD /* ProfileView.swift in Sources */,
				C9FABF1C2B5417E60048187B /* ProfileViewModel.swift in Sources */,
				C91E03EC2AD6EDDB00FCDB08 /* MainContentView.swift in Sources */,
				C967408B2B6118F500093C01 /* UrlImageView.swift in Sources */,
				C91E7DAA2B7415A5008E074C /* CommentCell.swift in Sources */,
			);
			runOnlyForDeploymentPostprocessing = 0;
		};
/* End PBXSourcesBuildPhase section */

/* Begin XCBuildConfiguration section */
		C9BEA0362AD6E980001460F1 /* Debug */ = {
			isa = XCBuildConfiguration;
			buildSettings = {
				ALWAYS_SEARCH_USER_PATHS = NO;
				ASSETCATALOG_COMPILER_GENERATE_SWIFT_ASSET_SYMBOL_EXTENSIONS = YES;
				CLANG_ANALYZER_NONNULL = YES;
				CLANG_ANALYZER_NUMBER_OBJECT_CONVERSION = YES_AGGRESSIVE;
				CLANG_CXX_LANGUAGE_STANDARD = "gnu++20";
				CLANG_ENABLE_MODULES = YES;
				CLANG_ENABLE_OBJC_ARC = YES;
				CLANG_ENABLE_OBJC_WEAK = YES;
				CLANG_WARN_BLOCK_CAPTURE_AUTORELEASING = YES;
				CLANG_WARN_BOOL_CONVERSION = YES;
				CLANG_WARN_COMMA = YES;
				CLANG_WARN_CONSTANT_CONVERSION = YES;
				CLANG_WARN_DEPRECATED_OBJC_IMPLEMENTATIONS = YES;
				CLANG_WARN_DIRECT_OBJC_ISA_USAGE = YES_ERROR;
				CLANG_WARN_DOCUMENTATION_COMMENTS = YES;
				CLANG_WARN_EMPTY_BODY = YES;
				CLANG_WARN_ENUM_CONVERSION = YES;
				CLANG_WARN_INFINITE_RECURSION = YES;
				CLANG_WARN_INT_CONVERSION = YES;
				CLANG_WARN_NON_LITERAL_NULL_CONVERSION = YES;
				CLANG_WARN_OBJC_IMPLICIT_RETAIN_SELF = YES;
				CLANG_WARN_OBJC_LITERAL_CONVERSION = YES;
				CLANG_WARN_OBJC_ROOT_CLASS = YES_ERROR;
				CLANG_WARN_QUOTED_INCLUDE_IN_FRAMEWORK_HEADER = YES;
				CLANG_WARN_RANGE_LOOP_ANALYSIS = YES;
				CLANG_WARN_STRICT_PROTOTYPES = YES;
				CLANG_WARN_SUSPICIOUS_MOVE = YES;
				CLANG_WARN_UNGUARDED_AVAILABILITY = YES_AGGRESSIVE;
				CLANG_WARN_UNREACHABLE_CODE = YES;
				CLANG_WARN__DUPLICATE_METHOD_MATCH = YES;
				COPY_PHASE_STRIP = NO;
				DEBUG_INFORMATION_FORMAT = dwarf;
				ENABLE_STRICT_OBJC_MSGSEND = YES;
				ENABLE_TESTABILITY = YES;
				ENABLE_USER_SCRIPT_SANDBOXING = YES;
				GCC_C_LANGUAGE_STANDARD = gnu17;
				GCC_DYNAMIC_NO_PIC = NO;
				GCC_NO_COMMON_BLOCKS = YES;
				GCC_OPTIMIZATION_LEVEL = 0;
				GCC_PREPROCESSOR_DEFINITIONS = (
					"DEBUG=1",
					"$(inherited)",
				);
				GCC_WARN_64_TO_32_BIT_CONVERSION = YES;
				GCC_WARN_ABOUT_RETURN_TYPE = YES_ERROR;
				GCC_WARN_UNDECLARED_SELECTOR = YES;
				GCC_WARN_UNINITIALIZED_AUTOS = YES_AGGRESSIVE;
				GCC_WARN_UNUSED_FUNCTION = YES;
				GCC_WARN_UNUSED_VARIABLE = YES;
				IPHONEOS_DEPLOYMENT_TARGET = 17.0;
				LOCALIZATION_PREFERS_STRING_CATALOGS = YES;
				MTL_ENABLE_DEBUG_INFO = INCLUDE_SOURCE;
				MTL_FAST_MATH = YES;
				ONLY_ACTIVE_ARCH = YES;
				SDKROOT = iphoneos;
				SWIFT_ACTIVE_COMPILATION_CONDITIONS = "DEBUG $(inherited)";
				SWIFT_OPTIMIZATION_LEVEL = "-Onone";
			};
			name = Debug;
		};
		C9BEA0372AD6E980001460F1 /* Release */ = {
			isa = XCBuildConfiguration;
			buildSettings = {
				ALWAYS_SEARCH_USER_PATHS = NO;
				ASSETCATALOG_COMPILER_GENERATE_SWIFT_ASSET_SYMBOL_EXTENSIONS = YES;
				CLANG_ANALYZER_NONNULL = YES;
				CLANG_ANALYZER_NUMBER_OBJECT_CONVERSION = YES_AGGRESSIVE;
				CLANG_CXX_LANGUAGE_STANDARD = "gnu++20";
				CLANG_ENABLE_MODULES = YES;
				CLANG_ENABLE_OBJC_ARC = YES;
				CLANG_ENABLE_OBJC_WEAK = YES;
				CLANG_WARN_BLOCK_CAPTURE_AUTORELEASING = YES;
				CLANG_WARN_BOOL_CONVERSION = YES;
				CLANG_WARN_COMMA = YES;
				CLANG_WARN_CONSTANT_CONVERSION = YES;
				CLANG_WARN_DEPRECATED_OBJC_IMPLEMENTATIONS = YES;
				CLANG_WARN_DIRECT_OBJC_ISA_USAGE = YES_ERROR;
				CLANG_WARN_DOCUMENTATION_COMMENTS = YES;
				CLANG_WARN_EMPTY_BODY = YES;
				CLANG_WARN_ENUM_CONVERSION = YES;
				CLANG_WARN_INFINITE_RECURSION = YES;
				CLANG_WARN_INT_CONVERSION = YES;
				CLANG_WARN_NON_LITERAL_NULL_CONVERSION = YES;
				CLANG_WARN_OBJC_IMPLICIT_RETAIN_SELF = YES;
				CLANG_WARN_OBJC_LITERAL_CONVERSION = YES;
				CLANG_WARN_OBJC_ROOT_CLASS = YES_ERROR;
				CLANG_WARN_QUOTED_INCLUDE_IN_FRAMEWORK_HEADER = YES;
				CLANG_WARN_RANGE_LOOP_ANALYSIS = YES;
				CLANG_WARN_STRICT_PROTOTYPES = YES;
				CLANG_WARN_SUSPICIOUS_MOVE = YES;
				CLANG_WARN_UNGUARDED_AVAILABILITY = YES_AGGRESSIVE;
				CLANG_WARN_UNREACHABLE_CODE = YES;
				CLANG_WARN__DUPLICATE_METHOD_MATCH = YES;
				COPY_PHASE_STRIP = NO;
				DEBUG_INFORMATION_FORMAT = "dwarf-with-dsym";
				ENABLE_NS_ASSERTIONS = NO;
				ENABLE_STRICT_OBJC_MSGSEND = YES;
				ENABLE_USER_SCRIPT_SANDBOXING = YES;
				GCC_C_LANGUAGE_STANDARD = gnu17;
				GCC_NO_COMMON_BLOCKS = YES;
				GCC_WARN_64_TO_32_BIT_CONVERSION = YES;
				GCC_WARN_ABOUT_RETURN_TYPE = YES_ERROR;
				GCC_WARN_UNDECLARED_SELECTOR = YES;
				GCC_WARN_UNINITIALIZED_AUTOS = YES_AGGRESSIVE;
				GCC_WARN_UNUSED_FUNCTION = YES;
				GCC_WARN_UNUSED_VARIABLE = YES;
				IPHONEOS_DEPLOYMENT_TARGET = 17.0;
				LOCALIZATION_PREFERS_STRING_CATALOGS = YES;
				MTL_ENABLE_DEBUG_INFO = NO;
				MTL_FAST_MATH = YES;
				SDKROOT = iphoneos;
				SWIFT_COMPILATION_MODE = wholemodule;
				VALIDATE_PRODUCT = YES;
			};
			name = Release;
		};
		C9BEA0392AD6E980001460F1 /* Debug */ = {
			isa = XCBuildConfiguration;
			buildSettings = {
				ASSETCATALOG_COMPILER_APPICON_NAME = AppIcon;
				ASSETCATALOG_COMPILER_GLOBAL_ACCENT_COLOR_NAME = AccentColor;
				CODE_SIGN_STYLE = Automatic;
				CURRENT_PROJECT_VERSION = 1;
				DEVELOPMENT_ASSET_PATHS = "\"TGwing_Application/Preview Content\"";
				DEVELOPMENT_TEAM = YFVKZW9898;
				ENABLE_PREVIEWS = YES;
				GENERATE_INFOPLIST_FILE = YES;
				INFOPLIST_KEY_UIApplicationSceneManifest_Generation = YES;
				INFOPLIST_KEY_UIApplicationSupportsIndirectInputEvents = YES;
				INFOPLIST_KEY_UILaunchScreen_Generation = YES;
				INFOPLIST_KEY_UISupportedInterfaceOrientations_iPad = "UIInterfaceOrientationPortrait UIInterfaceOrientationPortraitUpsideDown UIInterfaceOrientationLandscapeLeft UIInterfaceOrientationLandscapeRight";
				INFOPLIST_KEY_UISupportedInterfaceOrientations_iPhone = "UIInterfaceOrientationPortrait UIInterfaceOrientationLandscapeLeft UIInterfaceOrientationLandscapeRight";
				LD_RUNPATH_SEARCH_PATHS = (
					"$(inherited)",
					"@executable_path/Frameworks",
				);
				MARKETING_VERSION = 1.0;
				PRODUCT_BUNDLE_IDENTIFIER = "J.TGwing-Application";
				PRODUCT_NAME = "$(TARGET_NAME)";
				SWIFT_EMIT_LOC_STRINGS = YES;
				SWIFT_VERSION = 5.0;
				TARGETED_DEVICE_FAMILY = "1,2";
			};
			name = Debug;
		};
		C9BEA03A2AD6E980001460F1 /* Release */ = {
			isa = XCBuildConfiguration;
			buildSettings = {
				ASSETCATALOG_COMPILER_APPICON_NAME = AppIcon;
				ASSETCATALOG_COMPILER_GLOBAL_ACCENT_COLOR_NAME = AccentColor;
				CODE_SIGN_STYLE = Automatic;
				CURRENT_PROJECT_VERSION = 1;
				DEVELOPMENT_ASSET_PATHS = "\"TGwing_Application/Preview Content\"";
				DEVELOPMENT_TEAM = YFVKZW9898;
				ENABLE_PREVIEWS = YES;
				GENERATE_INFOPLIST_FILE = YES;
				INFOPLIST_KEY_UIApplicationSceneManifest_Generation = YES;
				INFOPLIST_KEY_UIApplicationSupportsIndirectInputEvents = YES;
				INFOPLIST_KEY_UILaunchScreen_Generation = YES;
				INFOPLIST_KEY_UISupportedInterfaceOrientations_iPad = "UIInterfaceOrientationPortrait UIInterfaceOrientationPortraitUpsideDown UIInterfaceOrientationLandscapeLeft UIInterfaceOrientationLandscapeRight";
				INFOPLIST_KEY_UISupportedInterfaceOrientations_iPhone = "UIInterfaceOrientationPortrait UIInterfaceOrientationLandscapeLeft UIInterfaceOrientationLandscapeRight";
				LD_RUNPATH_SEARCH_PATHS = (
					"$(inherited)",
					"@executable_path/Frameworks",
				);
				MARKETING_VERSION = 1.0;
				PRODUCT_BUNDLE_IDENTIFIER = "J.TGwing-Application";
				PRODUCT_NAME = "$(TARGET_NAME)";
				SWIFT_EMIT_LOC_STRINGS = YES;
				SWIFT_VERSION = 5.0;
				TARGETED_DEVICE_FAMILY = "1,2";
			};
			name = Release;
		};
/* End XCBuildConfiguration section */

/* Begin XCConfigurationList section */
		C9BEA0252AD6E97E001460F1 /* Build configuration list for PBXProject "TGwing_Application" */ = {
			isa = XCConfigurationList;
			buildConfigurations = (
				C9BEA0362AD6E980001460F1 /* Debug */,
				C9BEA0372AD6E980001460F1 /* Release */,
			);
			defaultConfigurationIsVisible = 0;
			defaultConfigurationName = Release;
		};
		C9BEA0382AD6E980001460F1 /* Build configuration list for PBXNativeTarget "TGwing_Application" */ = {
			isa = XCConfigurationList;
			buildConfigurations = (
				C9BEA0392AD6E980001460F1 /* Debug */,
				C9BEA03A2AD6E980001460F1 /* Release */,
			);
			defaultConfigurationIsVisible = 0;
			defaultConfigurationName = Release;
		};
/* End XCConfigurationList section */
	};
	rootObject = C9BEA0222AD6E97E001460F1 /* Project object */;
}
